{"1.2.0",
[{<<"amqp_client">>,
  {git,"https://github.com/seth/amqp_client",
       {ref,"7622ad8093a41b7288a1aa44dd16d3e92ce8f833"}},
  1},
 {<<"base16">>,{pkg,<<"base16">>,<<"1.0.0">>},2},
 {<<"bcrypt">>,
  {git,"https://github.com/chef/erlang-bcrypt",
       {ref,"5cbe6becbe926739adebc67c6827ac2a2b9e7bbd"}},
  0},
 {<<"bear">>,
  {git,"https://github.com/boundary/bear",
       {ref,"119234548783af19b8ec75c879c5062676b92571"}},
  1},
 {<<"cf">>,{pkg,<<"cf">>,<<"0.3.1">>},1},
 {<<"chef_authn">>,
  {git,"https://github.com/chef/chef_authn",
       {ref,"57ae954ab231e4cd24740315eddc932aaf5515fc"}},
  0},
 {<<"darklaunch">>,
  {git,"https://github.com/chef/opscode-darklaunch-erlang",
       {ref,"33a4f070eede8b7e71fceab1ed1e30ef6ddea3fb"}},
  0},
 {<<"edown">>,
  {git,"https://github.com/uwiger/edown",
       {ref,"3c4f660c892e395fedac83b43476b23d38f4efb4"}},
  1},
 {<<"efast_xs">>,
  {git,"https://github.com/chef/efast_xs",
       {ref,"c2a6b925ed94ab8a28ff49375782834033919190"}},
  0},
 {<<"eini">>,{pkg,<<"eini">>,<<"1.2.9">>},2},
 {<<"ej">>,
  {git,"https://github.com/seth/ej",
       {ref,"40821f7ab3d8746e8573e8542ad452d2b346ed7f"}},
  0},
 {<<"envy">>,
  {git,"https://github.com/markan/envy",
       {ref,"0148fb4b7ed0e188511578e98b42d6e7dde0ebd1"}},
  0},
 {<<"eper">>,
  {git,"https://github.com/massemanet/eper",
       {ref,"17b0f97ea8287b72e8ebbe7132214db182ff1a1d"}},
  0},
 {<<"epgsql">>,
  {git,"https://github.com/chef/epgsql-1.git",
       {ref,"34b4182f0e21f9189ddd7b2e290f01a9e7d93bf1"}},
  1},
 {<<"erlcloud">>,
  {git,"https://github.com/chef/erlcloud",
       {ref,"27724cc615bb71595e88665ffd3ea083bf51ecb3"}},
  1},
 {<<"erlware_commons">>,
  {git,"https://github.com/erlware/erlware_commons",
       {ref,"f2b8f37747209fe3f4f630adf2ab4e2857d8cd26"}},
  0},
 {<<"folsom">>,
  {git,"https://github.com/boundary/folsom",
       {ref,"38e2cce7c64ce1f0a3a918d90394cfc0a940b1ba"}},
  0},
 {<<"folsom_graphite">>,
  {git,"https://github.com/chef/folsom_graphite",
       {ref,"6898a51a6478767b45b9e568274c9ade7d71908d"}},
  0},
 {<<"fs">>,{pkg,<<"fs">>,<<"6.1.1">>},1},
 {<<"gen_bunny">>,
  {git,"https://github.com/seth/gen_bunny",
       {ref,"fe10af39cd4ad8de7a8d6a0d90f79ea73e788761"}},
  0},
 {<<"gen_server2">>,
  {git,"https://github.com/mdaguete/gen_server2",
       {ref,"992650004c81ee921183488cb8115de4777e7bd9"}},
  2},
 {<<"goldrush">>,
  {git,"https://github.com/DeadZen/goldrush",
       {ref,"57e71f2789632a085f0963e1244644fdcb1941b9"}},
  1},
 {<<"ibrowse">>,
  {git,"https://github.com/chef/ibrowse",
       {ref,"8f3f6a3a30730b193cc340a8885a960586dc98de"}},
  0},
 {<<"jiffy">>,
  {git,"https://github.com/davisp/jiffy",
       {ref,"f661ee9fd80e5b6b03e9dfbb17d1c72fb6cfdba9"}},
  0},
 {<<"jsx">>,{pkg,<<"jsx">>,<<"2.11.0">>},2},
 {<<"lager">>,
  {git,"https://github.com/basho/lager",
       {ref,"d33ccf3b69de09a628fe38b4d7981bb8671b8a4f"}},
  0},
 {<<"lhttpc">>,
  {git,"https://github.com/erlcloud/lhttpc",
       {ref,"8e34985a3cd0ac2a7fc2a88a041554c64d33e74b"}},
  2},
 {<<"meck">>,
  {git,"https://github.com/eproxus/meck",
       {ref,"29360b25b708b2dc9d68a4f46f6a1b8b55f72518"}},
  1},
 {<<"mini_s3">>,
  {git,"https://github.com/chef/mini_s3",
       {ref,"4dd584fce031d35bbe5c4b72a04660b75673ca21"}},
  0},
 {<<"mixer">>,
  {git,"https://github.com/chef/mixer",
       {ref,"58ded93d5c47675899d8e5e1589270f340ea66c5"}},
  0},
 {<<"mochiweb">>,
  {git,"https://github.com/mochi/mochiweb",
       {ref,"070594e4d66163d662ac7e3bfb75dadcc922dd7c"}},
  2},
 {<<"neotoma">>,
  {git,"https://github.com/seancribbs/neotoma",
       {ref,"9e57d8ebd4ebb02c3e2428b08f3a01e2ff834ce2"}},
  0},
 {<<"opscoderl_folsom">>,
  {git,"https://github.com/chef/opscoderl_folsom",
       {ref,"d493429f895a904e9fd86d12a68f7075dfa8e227"}},
  0},
 {<<"opscoderl_httpc">>,
  {git,"https://github.com/chef/opscoderl_httpc",
       {ref,"3cdc661e55a48af321b7097941b9a03e8d7b113f"}},
  0},
 {<<"opscoderl_wm">>,
  {git,"https://github.com/chef/opscoderl_wm",
       {ref,"5436cc600db462226a5d2f3ed585ab39eaf20ee5"}},
  0},
 {<<"pooler">>,
  {git,"https://github.com/seth/pooler",
       {ref,"7bb8ab83c6f60475e6ef8867d3d5afa0b1dd4013"}},
  0},
 {<<"quickrand">>,
  {git,"https://github.com/okeuday/quickrand.git",
       {ref,"0395a10b94472ccbe38b62bbfa9d0fc1ddac1dd7"}},
  1},
 {<<"rabbit_common">>,
  {git,"https://github.com/seth/rabbit_common",
       {ref,"4388fe57cb63872f5fcf3a2670b4f05de657a64b"}},
  1},
 {<<"sqerl">>,
  {git,"https://github.com/chef/sqerl",
       {ref,"d49e47be3e4bd882e9c3d364556b3b9ff4dc3a2d"}},
  0},
 {<<"stats_hero">>,
  {git,"https://github.com/chef/stats_hero",
       {ref,"4fbca5e2fcb4d464eab458025f7933f5c53f6330"}},
  0},
 {<<"sync">>,
  {git,"https://github.com/rustyio/sync.git",
       {ref,"4e909f69d3d0db21a6d7128b20748819e415c9eb"}},
  0},
 {<<"uuid">>,
  {git,"https://github.com/okeuday/uuid",
       {ref,"f7c141c8359cd690faba0d2684b449a07db8e915"}},
  0},
 {<<"webmachine">>,
  {git,"https://github.com/chef/webmachine",
       {ref,"1389b01a9fbc25d36aad8956e08d2d0db242625f"}},
  1}]}.
[
{pkg_hash,[
 {<<"base16">>, <<"283644E2B21BD5915ACB7178BED7851FB07C6E5749B8FAD68A53C501092176D9">>},
 {<<"cf">>, <<"5CB902239476E141EA70A740340233782D363A31EEA8AD37049561542E6CD641">>},
 {<<"eini">>, <<"FCC3CBD49BBDD9A1D9735C7365DAFFCD84481CCE81E6CB80537883AA44AC4895">>},
 {<<"fs">>, <<"9D147B944D60CFA48A349F12D06C8EE71128F610C90870BDF9A6773206452ED0">>},
 {<<"jsx">>, <<"08154624050333919B4AC1B789667D5F4DB166DC50E190C4D778D1587F102EE0">>}]},
{pkg_hash_ext,[
 {<<"base16">>, <<"02AFD0827E61A7B07093873E063575CA3A2B07520567C7F8CEC7C5D42F052D76">>},
 {<<"cf">>, <<"315E8D447D3A4B02BCDBFA397AD03BBB988A6E0AA6F44D3ADD0F4E3C3BF97672">>},
 {<<"eini">>, <<"DA64AE8DB7C2F502E6F20CDF44CD3D9BE364412B87FF49FEBF282540F673DFCB">>},
 {<<"fs">>, <<"EF94E95FFE79916860649FED80AC62B04C322B0BB70F5128144C026B4D171F8B">>},
 {<<"jsx">>, <<"EED26A0D04D217F9EECEFFFB89714452556CF90EB38F290A27A4D45B9988F8C0">>}]}
].
